
Microsoft Visual Studio Solution File, Format Version 12.00
# Visual Studio Version 17
VisualStudioVersion = 17.0.31919.166
MinimumVisualStudioVersion = 10.0.40219.1
Project("{9A19103F-16F7-4668-BE54-9A1E7A4F7556}") = "WmiLight", "WmiLight\WmiLight.csproj", "{B1A99D31-6E34-491D-A3F5-D1500BEDE614}"
	ProjectSection(ProjectDependencies) = postProject
		{76B81DB5-C9B0-40BC-A701-0766B3801ED6} = {76B81DB5-C9B0-40BC-A701-0766B3801ED6}
	EndProjectSection
EndProject
Project("{FAE04EC0-301F-11D3-BF4B-00C04F79EFBC}") = "WmiLight.TestApp", "WmiLight.TestApp\WmiLight.TestApp.csproj", "{B4B62BF4-AB12-4687-8D02-DA9B5EAEF128}"
EndProject
Project("{2150E333-8FDC-42A3-9474-1A3956D46DE8}") = "doc", "doc", "{1E5BFE7B-DA04-4FED-8025-873524C76B83}"
EndProject
Project("{2150E333-8FDC-42A3-9474-1A3956D46DE8}") = "pics", "pics", "{582EB9E1-0602-4CA6-8BF1-3FA269370402}"
	ProjectSection(SolutionItems) = preProject
		doc\pics\debugger_preview.jpg = doc\pics\debugger_preview.jpg
		doc\pics\install_nuget_package.JPG = doc\pics\install_nuget_package.JPG
	EndProjectSection
EndProject
Project("{2150E333-8FDC-42A3-9474-1A3956D46DE8}") = "Solution Items", "Solution Items", "{00FA0660-8B93-4087-A693-BDB73D5A601C}"
	ProjectSection(SolutionItems) = preProject
		.gitattributes = .gitattributes
		.gitignore = .gitignore
		LICENSE = LICENSE
		README.md = README.md
	EndProjectSection
EndProject
Project("{9A19103F-16F7-4668-BE54-9A1E7A4F7556}") = "WmiLight.TestApp-NetCore", "WmiLight.TestApp-NetCore\WmiLight.TestApp-NetCore.csproj", "{739A7497-0916-4008-B0CB-9622E46FE9B7}"
EndProject
Project("{8BC9CEB8-8B4A-11D0-8D11-00A0C91BC942}") = "WmiLight.Native", "WmiLight.Native\WmiLight.Native.vcxproj", "{76B81DB5-C9B0-40BC-A701-0766B3801ED6}"
EndProject
Project("{9A19103F-16F7-4668-BE54-9A1E7A4F7556}") = "WmiCompare", "WmiCompare\WmiCompare.csproj", "{3B555BF3-9FAF-4754-AE49-3B5A5CC16054}"
EndProject
Global
	GlobalSection(SolutionConfigurationPlatforms) = preSolution
		Debug|Any CPU = Debug|Any CPU
		Debug|x64 = Debug|x64
		Debug|x86 = Debug|x86
		Release|Any CPU = Release|Any CPU
		Release|x64 = Release|x64
		Release|x86 = Release|x86
	EndGlobalSection
	GlobalSection(ProjectConfigurationPlatforms) = postSolution
		{B1A99D31-6E34-491D-A3F5-D1500BEDE614}.Debug|Any CPU.ActiveCfg = Debug|Any CPU
		{B1A99D31-6E34-491D-A3F5-D1500BEDE614}.Debug|Any CPU.Build.0 = Debug|Any CPU
		{B1A99D31-6E34-491D-A3F5-D1500BEDE614}.Debug|x64.ActiveCfg = Debug|Any CPU
		{B1A99D31-6E34-491D-A3F5-D1500BEDE614}.Debug|x64.Build.0 = Debug|Any CPU
		{B1A99D31-6E34-491D-A3F5-D1500BEDE614}.Debug|x86.ActiveCfg = Debug|Any CPU
		{B1A99D31-6E34-491D-A3F5-D1500BEDE614}.Debug|x86.Build.0 = Debug|Any CPU
		{B1A99D31-6E34-491D-A3F5-D1500BEDE614}.Release|Any CPU.ActiveCfg = Release|Any CPU
		{B1A99D31-6E34-491D-A3F5-D1500BEDE614}.Release|Any CPU.Build.0 = Release|Any CPU
		{B1A99D31-6E34-491D-A3F5-D1500BEDE614}.Release|x64.ActiveCfg = Release|Any CPU
		{B1A99D31-6E34-491D-A3F5-D1500BEDE614}.Release|x64.Build.0 = Release|Any CPU
		{B1A99D31-6E34-491D-A3F5-D1500BEDE614}.Release|x86.ActiveCfg = Release|Any CPU
		{B1A99D31-6E34-491D-A3F5-D1500BEDE614}.Release|x86.Build.0 = Release|Any CPU
		{B4B62BF4-AB12-4687-8D02-DA9B5EAEF128}.Debug|Any CPU.ActiveCfg = Debug|x64
		{B4B62BF4-AB12-4687-8D02-DA9B5EAEF128}.Debug|x64.ActiveCfg = Debug|x64
		{B4B62BF4-AB12-4687-8D02-DA9B5EAEF128}.Debug|x64.Build.0 = Debug|x64
		{B4B62BF4-AB12-4687-8D02-DA9B5EAEF128}.Debug|x86.ActiveCfg = Debug|x86
		{B4B62BF4-AB12-4687-8D02-DA9B5EAEF128}.Debug|x86.Build.0 = Debug|x86
		{B4B62BF4-AB12-4687-8D02-DA9B5EAEF128}.Release|Any CPU.ActiveCfg = Release|x64
		{B4B62BF4-AB12-4687-8D02-DA9B5EAEF128}.Release|x64.ActiveCfg = Release|x64
		{B4B62BF4-AB12-4687-8D02-DA9B5EAEF128}.Release|x86.ActiveCfg = Release|x86
		{739A7497-0916-4008-B0CB-9622E46FE9B7}.Debug|Any CPU.ActiveCfg = Debug|x64
		{739A7497-0916-4008-B0CB-9622E46FE9B7}.Debug|Any CPU.Build.0 = Debug|x64
		{739A7497-0916-4008-B0CB-9622E46FE9B7}.Debug|x64.ActiveCfg = Debug|x64
		{739A7497-0916-4008-B0CB-9622E46FE9B7}.Debug|x64.Build.0 = Debug|x64
		{739A7497-0916-4008-B0CB-9622E46FE9B7}.Debug|x86.ActiveCfg = Debug|x86
		{739A7497-0916-4008-B0CB-9622E46FE9B7}.Debug|x86.Build.0 = Debug|x86
		{739A7497-0916-4008-B0CB-9622E46FE9B7}.Release|Any CPU.ActiveCfg = Release|x64
		{739A7497-0916-4008-B0CB-9622E46FE9B7}.Release|Any CPU.Build.0 = Release|x64
		{739A7497-0916-4008-B0CB-9622E46FE9B7}.Release|x64.ActiveCfg = Release|x64
		{739A7497-0916-4008-B0CB-9622E46FE9B7}.Release|x64.Build.0 = Release|x64
		{739A7497-0916-4008-B0CB-9622E46FE9B7}.Release|x86.ActiveCfg = Release|x64
		{76B81DB5-C9B0-40BC-A701-0766B3801ED6}.Debug|Any CPU.ActiveCfg = Debug|x64
		{76B81DB5-C9B0-40BC-A701-0766B3801ED6}.Debug|Any CPU.Build.0 = Debug|x64
		{76B81DB5-C9B0-40BC-A701-0766B3801ED6}.Debug|x64.ActiveCfg = Debug|x64
		{76B81DB5-C9B0-40BC-A701-0766B3801ED6}.Debug|x64.Build.0 = Debug|x64
		{76B81DB5-C9B0-40BC-A701-0766B3801ED6}.Debug|x86.ActiveCfg = Debug|Win32
		{76B81DB5-C9B0-40BC-A701-0766B3801ED6}.Debug|x86.Build.0 = Debug|Win32
		{76B81DB5-C9B0-40BC-A701-0766B3801ED6}.Release|Any CPU.ActiveCfg = Release|x64
		{76B81DB5-C9B0-40BC-A701-0766B3801ED6}.Release|Any CPU.Build.0 = Release|x64
		{76B81DB5-C9B0-40BC-A701-0766B3801ED6}.Release|x64.ActiveCfg = Release|x64
		{76B81DB5-C9B0-40BC-A701-0766B3801ED6}.Release|x64.Build.0 = Release|x64
		{76B81DB5-C9B0-40BC-A701-0766B3801ED6}.Release|x86.ActiveCfg = Release|Win32
		{76B81DB5-C9B0-40BC-A701-0766B3801ED6}.Release|x86.Build.0 = Release|Win32
		{3B555BF3-9FAF-4754-AE49-3B5A5CC16054}.Debug|Any CPU.ActiveCfg = Debug|x64
		{3B555BF3-9FAF-4754-AE49-3B5A5CC16054}.Debug|x64.ActiveCfg = Debug|x64
		{3B555BF3-9FAF-4754-AE49-3B5A5CC16054}.Debug|x64.Build.0 = Debug|x64
		{3B555BF3-9FAF-4754-AE49-3B5A5CC16054}.Debug|x86.ActiveCfg = Debug|x86
		{3B555BF3-9FAF-4754-AE49-3B5A5CC16054}.Debug|x86.Build.0 = Debug|x86
		{3B555BF3-9FAF-4754-AE49-3B5A5CC16054}.Release|Any CPU.ActiveCfg = Release|x64
		{3B555BF3-9FAF-4754-AE49-3B5A5CC16054}.Release|x64.ActiveCfg = Release|x64
		{3B555BF3-9FAF-4754-AE49-3B5A5CC16054}.Release|x64.Build.0 = Release|x64
		{3B555BF3-9FAF-4754-AE49-3B5A5CC16054}.Release|x86.ActiveCfg = Release|x86
	EndGlobalSection
	GlobalSection(SolutionProperties) = preSolution
		HideSolutionNode = FALSE
	EndGlobalSection
	GlobalSection(NestedProjects) = preSolution
		{582EB9E1-0602-4CA6-8BF1-3FA269370402} = {1E5BFE7B-DA04-4FED-8025-873524C76B83}
	EndGlobalSection
	GlobalSection(ExtensibilityGlobals) = postSolution
		SolutionGuid = {3EF104CD-B33D-41E5-804A-52DD9906C0B9}
	EndGlobalSection
EndGlobal
